// !$*UTF8*$!
{
	archiveVersion = 1;
	classes = {
	};
	objectVersion = 46;
	objects = {

/* Begin PBXBuildFile section */
		94052BF61CD9900700CBFDE0 /* DogChart.swift in Sources */ = {isa = PBXBuildFile; fileRef = 94052BF51CD9900700CBFDE0 /* DogChart.swift */; };
		943E62C31CAEE34F00177CD4 /* OAuthSwift.framework in Embed Frameworks */ = {isa = PBXBuildFile; fileRef = 9437E8691CAEE18A00F20CA6 /* OAuthSwift.framework */; settings = {ATTRIBUTES = (CodeSignOnCopy, RemoveHeadersOnCopy, ); }; };
		943E62EA1CAEEE9900177CD4 /* Prephirences.framework in Embed Frameworks */ = {isa = PBXBuildFile; fileRef = 943E62E21CAEE4BA00177CD4 /* Prephirences.framework */; settings = {ATTRIBUTES = (CodeSignOnCopy, RemoveHeadersOnCopy, ); }; };
		944C6FA01CC71A38006194B4 /* RegisterViewController.swift in Sources */ = {isa = PBXBuildFile; fileRef = 944C6F9F1CC71A38006194B4 /* RegisterViewController.swift */; };
		944C6FB21CCA5711006194B4 /* Info.plist in Resources */ = {isa = PBXBuildFile; fileRef = 944C6FAF1CCA5711006194B4 /* Info.plist */; };
		944C6FB31CCA5711006194B4 /* SCLAlertView.swift in Sources */ = {isa = PBXBuildFile; fileRef = 944C6FB01CCA5711006194B4 /* SCLAlertView.swift */; };
		944C6FB41CCA5711006194B4 /* SCLExtensions.swift in Sources */ = {isa = PBXBuildFile; fileRef = 944C6FB11CCA5711006194B4 /* SCLExtensions.swift */; };
		944C6FB61CCA57F2006194B4 /* UIKit.framework in Frameworks */ = {isa = PBXBuildFile; fileRef = 944C6FB51CCA57F2006194B4 /* UIKit.framework */; };
		944C6FB81CCA57F9006194B4 /* Foundation.framework in Frameworks */ = {isa = PBXBuildFile; fileRef = 944C6FB71CCA57F9006194B4 /* Foundation.framework */; };
		946961101CBD2283009589FC /* CloudKit.framework in Frameworks */ = {isa = PBXBuildFile; fileRef = 9469610F1CBD2283009589FC /* CloudKit.framework */; };
		946961121CBD22C0009589FC /* MapKit.framework in Frameworks */ = {isa = PBXBuildFile; fileRef = 946961111CBD22C0009589FC /* MapKit.framework */; };
		946961141CBDDF8D009589FC /* Launch Screen.storyboard in Resources */ = {isa = PBXBuildFile; fileRef = 946961131CBDDF8D009589FC /* Launch Screen.storyboard */; };
		946961171CBDEB00009589FC /* iron-chain.jpg in Resources */ = {isa = PBXBuildFile; fileRef = 946961151CBDEB00009589FC /* iron-chain.jpg */; };
		946961191CBF22D8009589FC /* CloudViewController.swift in Sources */ = {isa = PBXBuildFile; fileRef = 946961181CBF22D8009589FC /* CloudViewController.swift */; };
		947A6FB21CCC2E560053E1BC /* setting.png in Resources */ = {isa = PBXBuildFile; fileRef = 947A6FB11CCC2E560053E1BC /* setting.png */; };
		947A6FCE1CCD752F0053E1BC /* Charts.framework in Embed Frameworks */ = {isa = PBXBuildFile; fileRef = 947A6FC71CCD74FC0053E1BC /* Charts.framework */; settings = {ATTRIBUTES = (CodeSignOnCopy, RemoveHeadersOnCopy, ); }; };
		94F6AC611CAF3D3F006FFB8F /* DoggyDetailsViewController.swift in Sources */ = {isa = PBXBuildFile; fileRef = 94F6AC601CAF3D3F006FFB8F /* DoggyDetailsViewController.swift */; };
		94F6AC6F1CB0B338006FFB8F /* DogUserStructure.swift in Sources */ = {isa = PBXBuildFile; fileRef = 94F6AC6E1CB0B338006FFB8F /* DogUserStructure.swift */; };
		94F6AC771CB2D5C6006FFB8F /* EPCalendarPicker in Resources */ = {isa = PBXBuildFile; fileRef = 94F6AC761CB2D5C6006FFB8F /* EPCalendarPicker */; };
		94F6AC831CB33E23006FFB8F /* EPCalendarCell1.swift in Sources */ = {isa = PBXBuildFile; fileRef = 94F6AC7C1CB33E23006FFB8F /* EPCalendarCell1.swift */; };
		94F6AC841CB33E23006FFB8F /* EPCalendarCell1.xib in Resources */ = {isa = PBXBuildFile; fileRef = 94F6AC7D1CB33E23006FFB8F /* EPCalendarCell1.xib */; };
		94F6AC851CB33E23006FFB8F /* EPCalendarConstants.swift in Sources */ = {isa = PBXBuildFile; fileRef = 94F6AC7E1CB33E23006FFB8F /* EPCalendarConstants.swift */; };
		94F6AC861CB33E23006FFB8F /* EPCalendarHeaderView.swift in Sources */ = {isa = PBXBuildFile; fileRef = 94F6AC7F1CB33E23006FFB8F /* EPCalendarHeaderView.swift */; };
		94F6AC871CB33E23006FFB8F /* EPCalendarHeaderView.xib in Resources */ = {isa = PBXBuildFile; fileRef = 94F6AC801CB33E23006FFB8F /* EPCalendarHeaderView.xib */; };
		94F6AC881CB33E23006FFB8F /* EPCalendarPicker.swift in Sources */ = {isa = PBXBuildFile; fileRef = 94F6AC811CB33E23006FFB8F /* EPCalendarPicker.swift */; };
		94F6AC891CB33E23006FFB8F /* EPExtensions.swift in Sources */ = {isa = PBXBuildFile; fileRef = 94F6AC821CB33E23006FFB8F /* EPExtensions.swift */; };
		9EA98E901CA5773E0062B2C7 /* AppDelegate.swift in Sources */ = {isa = PBXBuildFile; fileRef = 9EA98E8F1CA5773E0062B2C7 /* AppDelegate.swift */; };
		9EA98E921CA5773E0062B2C7 /* ViewController.swift in Sources */ = {isa = PBXBuildFile; fileRef = 9EA98E911CA5773E0062B2C7 /* ViewController.swift */; };
		9EA98E9A1CA5773E0062B2C7 /* Assets.xcassets in Resources */ = {isa = PBXBuildFile; fileRef = 9EA98E991CA5773E0062B2C7 /* Assets.xcassets */; };
		9EA98EA51CA5A2DB0062B2C7 /* SwiftyJSON.swift in Sources */ = {isa = PBXBuildFile; fileRef = 9EA98EA41CA5A2DB0062B2C7 /* SwiftyJSON.swift */; };
		9EA98ECF1CA5A3300062B2C7 /* Services.swift in Sources */ = {isa = PBXBuildFile; fileRef = 9EA98ECE1CA5A3300062B2C7 /* Services.swift */; };
		9EA98ED11CA5A3590062B2C7 /* WebViewController.swift in Sources */ = {isa = PBXBuildFile; fileRef = 9EA98ED01CA5A3590062B2C7 /* WebViewController.swift */; };
		9EA98EED1CA614400062B2C7 /* Services.plist in Resources */ = {isa = PBXBuildFile; fileRef = 9EA98EEC1CA614400062B2C7 /* Services.plist */; };
		9EA98EEF1CA614E40062B2C7 /* InfoPlist.strings in Resources */ = {isa = PBXBuildFile; fileRef = 9EA98EEE1CA614E40062B2C7 /* InfoPlist.strings */; };
		9EA98F0A1CA74D760062B2C7 /* Main.storyboard in Resources */ = {isa = PBXBuildFile; fileRef = 9EA98F091CA74D760062B2C7 /* Main.storyboard */; };
		9EA98F1C1CA86CD10062B2C7 /* DogTableViewCell.swift in Sources */ = {isa = PBXBuildFile; fileRef = 9EA98F1B1CA86CD10062B2C7 /* DogTableViewCell.swift */; };
		9EA98F201CA8C4210062B2C7 /* dogbone.png in Resources */ = {isa = PBXBuildFile; fileRef = 9EA98F1F1CA8C4210062B2C7 /* dogbone.png */; };
/* End PBXBuildFile section */

/* Begin PBXContainerItemProxy section */
		9437E8641CAEE18A00F20CA6 /* PBXContainerItemProxy */ = {
			isa = PBXContainerItemProxy;
			containerPortal = 9437E85A1CAEE18A00F20CA6 /* OAuthSwift.xcodeproj */;
			proxyType = 2;
			remoteGlobalIDString = F435027A1A6791B200038A29;
			remoteInfo = OAuthSwift;
		};
		9437E8661CAEE18A00F20CA6 /* PBXContainerItemProxy */ = {
			isa = PBXContainerItemProxy;
			containerPortal = 9437E85A1CAEE18A00F20CA6 /* OAuthSwift.xcodeproj */;
			proxyType = 2;
			remoteGlobalIDString = F451E3C5195B8CD80051434C;
			remoteInfo = OAuthSwiftDemo;
		};
		9437E8681CAEE18A00F20CA6 /* PBXContainerItemProxy */ = {
			isa = PBXContainerItemProxy;
			containerPortal = 9437E85A1CAEE18A00F20CA6 /* OAuthSwift.xcodeproj */;
			proxyType = 2;
			remoteGlobalIDString = C48B28021AFA598D00C7DEF6;
			remoteInfo = OAuthSwiftOSX;
		};
		9437E86A1CAEE18A00F20CA6 /* PBXContainerItemProxy */ = {
			isa = PBXContainerItemProxy;
			containerPortal = 9437E85A1CAEE18A00F20CA6 /* OAuthSwift.xcodeproj */;
			proxyType = 2;
			remoteGlobalIDString = C49FD5241AFB5DF500791E1A;
			remoteInfo = OAuthSwiftOSXDemo;
		};
		9437E86C1CAEE18A00F20CA6 /* PBXContainerItemProxy */ = {
			isa = PBXContainerItemProxy;
			containerPortal = 9437E85A1CAEE18A00F20CA6 /* OAuthSwift.xcodeproj */;
			proxyType = 2;
			remoteGlobalIDString = C4B6EE1E1BF74CE300443596;
			remoteInfo = OAuthSwiftTVOS;
		};
		9437E86E1CAEE18A00F20CA6 /* PBXContainerItemProxy */ = {
			isa = PBXContainerItemProxy;
			containerPortal = 9437E85A1CAEE18A00F20CA6 /* OAuthSwift.xcodeproj */;
			proxyType = 2;
			remoteGlobalIDString = C40890C01C11B37000E3146A;
			remoteInfo = OAuthSwiftWatchOS;
		};
		9437E8701CAEE18A00F20CA6 /* PBXContainerItemProxy */ = {
			isa = PBXContainerItemProxy;
			containerPortal = 9437E85A1CAEE18A00F20CA6 /* OAuthSwift.xcodeproj */;
			proxyType = 2;
			remoteGlobalIDString = C4D50DF71BFB693F0053B624;
			remoteInfo = OAuthSwiftTests;
		};
		943E62DF1CAEE4BA00177CD4 /* PBXContainerItemProxy */ = {
			isa = PBXContainerItemProxy;
			containerPortal = 943E62D71CAEE4BA00177CD4 /* Prephirences.xcodeproj */;
			proxyType = 2;
			remoteGlobalIDString = C42114DB1AE7D84900A09DD9;
			remoteInfo = PrephirencesiOS;
		};
		943E62E11CAEE4BA00177CD4 /* PBXContainerItemProxy */ = {
			isa = PBXContainerItemProxy;
			containerPortal = 943E62D71CAEE4BA00177CD4 /* Prephirences.xcodeproj */;
			proxyType = 2;
			remoteGlobalIDString = C42114FE1AE7D8E200A09DD9;
			remoteInfo = PrephirencesMacOSX;
		};
		943E62E31CAEE4BA00177CD4 /* PBXContainerItemProxy */ = {
			isa = PBXContainerItemProxy;
			containerPortal = 943E62D71CAEE4BA00177CD4 /* Prephirences.xcodeproj */;
			proxyType = 2;
			remoteGlobalIDString = 07FC415E1BE66517005F195C;
			remoteInfo = PrephirencesWatchos;
		};
		943E62E51CAEE4BA00177CD4 /* PBXContainerItemProxy */ = {
			isa = PBXContainerItemProxy;
			containerPortal = 943E62D71CAEE4BA00177CD4 /* Prephirences.xcodeproj */;
			proxyType = 2;
			remoteGlobalIDString = 07FC417A1BE670BF005F195C;
			remoteInfo = PrephirencesTvOS;
		};
		943E62E71CAEE4BA00177CD4 /* PBXContainerItemProxy */ = {
			isa = PBXContainerItemProxy;
			containerPortal = 943E62D71CAEE4BA00177CD4 /* Prephirences.xcodeproj */;
			proxyType = 2;
			remoteGlobalIDString = C4FF650B1B6B7C7300BFE4F4;
			remoteInfo = PrephirencesiOSTests;
		};
		947A6FC61CCD74FC0053E1BC /* PBXContainerItemProxy */ = {
			isa = PBXContainerItemProxy;
			containerPortal = 947A6FBF1CCD74FB0053E1BC /* Charts.xcodeproj */;
			proxyType = 2;
			remoteGlobalIDString = 5BA8EC401A9D14DC00CE82E1;
			remoteInfo = "Charts-iOS";
		};
		947A6FC81CCD74FC0053E1BC /* PBXContainerItemProxy */ = {
			isa = PBXContainerItemProxy;
			containerPortal = 947A6FBF1CCD74FB0053E1BC /* Charts.xcodeproj */;
			proxyType = 2;
			remoteGlobalIDString = A52C5C371BAC5CA400594CDD;
			remoteInfo = "Charts-TV";
		};
		947A6FCA1CCD74FC0053E1BC /* PBXContainerItemProxy */ = {
			isa = PBXContainerItemProxy;
			containerPortal = 947A6FBF1CCD74FB0053E1BC /* Charts.xcodeproj */;
			proxyType = 2;
			remoteGlobalIDString = 65B3F5BF1C7370BE000983D0;
			remoteInfo = "Charts-OSX";
		};
		947A6FCC1CCD74FC0053E1BC /* PBXContainerItemProxy */ = {
			isa = PBXContainerItemProxy;
			containerPortal = 947A6FBF1CCD74FB0053E1BC /* Charts.xcodeproj */;
			proxyType = 2;
			remoteGlobalIDString = 06AEE7A21BDC3F8B009875AE;
			remoteInfo = ChartsTests;
		};
/* End PBXContainerItemProxy section */

/* Begin PBXCopyFilesBuildPhase section */
		9EA98F081CA74D400062B2C7 /* Embed Frameworks */ = {
			isa = PBXCopyFilesBuildPhase;
			buildActionMask = 2147483647;
			dstPath = "";
			dstSubfolderSpec = 10;
			files = (
				947A6FCE1CCD752F0053E1BC /* Charts.framework in Embed Frameworks */,
				943E62EA1CAEEE9900177CD4 /* Prephirences.framework in Embed Frameworks */,
				943E62C31CAEE34F00177CD4 /* OAuthSwift.framework in Embed Frameworks */,
			);
			name = "Embed Frameworks";
			runOnlyForDeploymentPostprocessing = 0;
		};
/* End PBXCopyFilesBuildPhase section */

/* Begin PBXFileReference section */
		94052BF51CD9900700CBFDE0 /* DogChart.swift */ = {isa = PBXFileReference; fileEncoding = 4; lastKnownFileType = sourcecode.swift; path = DogChart.swift; sourceTree = "<group>"; };
		9437E85A1CAEE18A00F20CA6 /* OAuthSwift.xcodeproj */ = {isa = PBXFileReference; lastKnownFileType = "wrapper.pb-project"; name = OAuthSwift.xcodeproj; path = "../OAuthSwift-master/OAuthSwift.xcodeproj"; sourceTree = "<group>"; };
		943E62D71CAEE4BA00177CD4 /* Prephirences.xcodeproj */ = {isa = PBXFileReference; lastKnownFileType = "wrapper.pb-project"; name = Prephirences.xcodeproj; path = "../Prephirences-master/Prephirences.xcodeproj"; sourceTree = "<group>"; };
		944C6F9F1CC71A38006194B4 /* RegisterViewController.swift */ = {isa = PBXFileReference; fileEncoding = 4; lastKnownFileType = sourcecode.swift; path = RegisterViewController.swift; sourceTree = "<group>"; };
		944C6FAF1CCA5711006194B4 /* Info.plist */ = {isa = PBXFileReference; fileEncoding = 4; lastKnownFileType = text.plist.xml; path = Info.plist; sourceTree = "<group>"; };
		944C6FB01CCA5711006194B4 /* SCLAlertView.swift */ = {isa = PBXFileReference; fileEncoding = 4; lastKnownFileType = sourcecode.swift; path = SCLAlertView.swift; sourceTree = "<group>"; };
		944C6FB11CCA5711006194B4 /* SCLExtensions.swift */ = {isa = PBXFileReference; fileEncoding = 4; lastKnownFileType = sourcecode.swift; path = SCLExtensions.swift; sourceTree = "<group>"; };
		944C6FB51CCA57F2006194B4 /* UIKit.framework */ = {isa = PBXFileReference; lastKnownFileType = wrapper.framework; name = UIKit.framework; path = System/Library/Frameworks/UIKit.framework; sourceTree = SDKROOT; };
		944C6FB71CCA57F9006194B4 /* Foundation.framework */ = {isa = PBXFileReference; lastKnownFileType = wrapper.framework; name = Foundation.framework; path = System/Library/Frameworks/Foundation.framework; sourceTree = SDKROOT; };
		9469610E1CBD2272009589FC /* DoggyAI.entitlements */ = {isa = PBXFileReference; lastKnownFileType = text.xml; path = DoggyAI.entitlements; sourceTree = "<group>"; };
		9469610F1CBD2283009589FC /* CloudKit.framework */ = {isa = PBXFileReference; lastKnownFileType = wrapper.framework; name = CloudKit.framework; path = System/Library/Frameworks/CloudKit.framework; sourceTree = SDKROOT; };
		946961111CBD22C0009589FC /* MapKit.framework */ = {isa = PBXFileReference; lastKnownFileType = wrapper.framework; name = MapKit.framework; path = System/Library/Frameworks/MapKit.framework; sourceTree = SDKROOT; };
		946961131CBDDF8D009589FC /* Launch Screen.storyboard */ = {isa = PBXFileReference; fileEncoding = 4; lastKnownFileType = file.storyboard; path = "Launch Screen.storyboard"; sourceTree = "<group>"; };
		946961161CBDEB00009589FC /* Base */ = {isa = PBXFileReference; lastKnownFileType = image.jpeg; name = Base; path = "Base.lproj/iron-chain.jpg"; sourceTree = "<group>"; };
		946961181CBF22D8009589FC /* CloudViewController.swift */ = {isa = PBXFileReference; fileEncoding = 4; lastKnownFileType = sourcecode.swift; path = CloudViewController.swift; sourceTree = "<group>"; };
		947A6FB11CCC2E560053E1BC /* setting.png */ = {isa = PBXFileReference; lastKnownFileType = image.png; path = setting.png; sourceTree = "<group>"; };
		947A6FBF1CCD74FB0053E1BC /* Charts.xcodeproj */ = {isa = PBXFileReference; lastKnownFileType = "wrapper.pb-project"; name = Charts.xcodeproj; path = "../Charts-master/Charts/Charts.xcodeproj"; sourceTree = "<group>"; };
		94F6AC601CAF3D3F006FFB8F /* DoggyDetailsViewController.swift */ = {isa = PBXFileReference; fileEncoding = 4; lastKnownFileType = sourcecode.swift; path = DoggyDetailsViewController.swift; sourceTree = "<group>"; };
		94F6AC6E1CB0B338006FFB8F /* DogUserStructure.swift */ = {isa = PBXFileReference; fileEncoding = 4; lastKnownFileType = sourcecode.swift; path = DogUserStructure.swift; sourceTree = "<group>"; };
		94F6AC761CB2D5C6006FFB8F /* EPCalendarPicker */ = {isa = PBXFileReference; lastKnownFileType = folder; name = EPCalendarPicker; path = /Users/ryan/Downloads/DoggyAI/EPCalendarPicker; sourceTree = "<absolute>"; };
		94F6AC7C1CB33E23006FFB8F /* EPCalendarCell1.swift */ = {isa = PBXFileReference; fileEncoding = 4; lastKnownFileType = sourcecode.swift; name = EPCalendarCell1.swift; path = EPCalendarPicker/EPCalendarCell1.swift; sourceTree = "<group>"; };
		94F6AC7D1CB33E23006FFB8F /* EPCalendarCell1.xib */ = {isa = PBXFileReference; fileEncoding = 4; lastKnownFileType = file.xib; name = EPCalendarCell1.xib; path = EPCalendarPicker/EPCalendarCell1.xib; sourceTree = "<group>"; };
		94F6AC7E1CB33E23006FFB8F /* EPCalendarConstants.swift */ = {isa = PBXFileReference; fileEncoding = 4; lastKnownFileType = sourcecode.swift; name = EPCalendarConstants.swift; path = EPCalendarPicker/EPCalendarConstants.swift; sourceTree = "<group>"; };
		94F6AC7F1CB33E23006FFB8F /* EPCalendarHeaderView.swift */ = {isa = PBXFileReference; fileEncoding = 4; lastKnownFileType = sourcecode.swift; name = EPCalendarHeaderView.swift; path = EPCalendarPicker/EPCalendarHeaderView.swift; sourceTree = "<group>"; };
		94F6AC801CB33E23006FFB8F /* EPCalendarHeaderView.xib */ = {isa = PBXFileReference; fileEncoding = 4; lastKnownFileType = file.xib; name = EPCalendarHeaderView.xib; path = EPCalendarPicker/EPCalendarHeaderView.xib; sourceTree = "<group>"; };
		94F6AC811CB33E23006FFB8F /* EPCalendarPicker.swift */ = {isa = PBXFileReference; fileEncoding = 4; lastKnownFileType = sourcecode.swift; name = EPCalendarPicker.swift; path = EPCalendarPicker/EPCalendarPicker.swift; sourceTree = "<group>"; };
		94F6AC821CB33E23006FFB8F /* EPExtensions.swift */ = {isa = PBXFileReference; fileEncoding = 4; lastKnownFileType = sourcecode.swift; name = EPExtensions.swift; path = EPCalendarPicker/EPExtensions.swift; sourceTree = "<group>"; };
		9EA98E8C1CA5773E0062B2C7 /* DoggyAI.app */ = {isa = PBXFileReference; explicitFileType = wrapper.application; includeInIndex = 0; path = DoggyAI.app; sourceTree = BUILT_PRODUCTS_DIR; };
		9EA98E8F1CA5773E0062B2C7 /* AppDelegate.swift */ = {isa = PBXFileReference; lastKnownFileType = sourcecode.swift; path = AppDelegate.swift; sourceTree = "<group>"; };
		9EA98E911CA5773E0062B2C7 /* ViewController.swift */ = {isa = PBXFileReference; lastKnownFileType = sourcecode.swift; path = ViewController.swift; sourceTree = "<group>"; };
		9EA98E991CA5773E0062B2C7 /* Assets.xcassets */ = {isa = PBXFileReference; lastKnownFileType = folder.assetcatalog; path = Assets.xcassets; sourceTree = "<group>"; };
		9EA98E9E1CA5773E0062B2C7 /* Info.plist */ = {isa = PBXFileReference; lastKnownFileType = text.plist.xml; path = Info.plist; sourceTree = "<group>"; };
		9EA98EA41CA5A2DB0062B2C7 /* SwiftyJSON.swift */ = {isa = PBXFileReference; fileEncoding = 4; lastKnownFileType = sourcecode.swift; path = SwiftyJSON.swift; sourceTree = "<group>"; };
		9EA98ECE1CA5A3300062B2C7 /* Services.swift */ = {isa = PBXFileReference; fileEncoding = 4; lastKnownFileType = sourcecode.swift; path = Services.swift; sourceTree = "<group>"; };
		9EA98ED01CA5A3590062B2C7 /* WebViewController.swift */ = {isa = PBXFileReference; fileEncoding = 4; lastKnownFileType = sourcecode.swift; path = WebViewController.swift; sourceTree = "<group>"; };
		9EA98EEC1CA614400062B2C7 /* Services.plist */ = {isa = PBXFileReference; fileEncoding = 4; lastKnownFileType = text.plist.xml; path = Services.plist; sourceTree = "<group>"; };
		9EA98EEE1CA614E40062B2C7 /* InfoPlist.strings */ = {isa = PBXFileReference; fileEncoding = 4; lastKnownFileType = text.plist.strings; path = InfoPlist.strings; sourceTree = "<group>"; };
		9EA98F091CA74D760062B2C7 /* Main.storyboard */ = {isa = PBXFileReference; fileEncoding = 4; lastKnownFileType = file.storyboard; path = Main.storyboard; sourceTree = "<group>"; };
		9EA98F1B1CA86CD10062B2C7 /* DogTableViewCell.swift */ = {isa = PBXFileReference; fileEncoding = 4; lastKnownFileType = sourcecode.swift; name = DogTableViewCell.swift; path = ../DogTableViewCell.swift; sourceTree = "<group>"; };
		9EA98F1F1CA8C4210062B2C7 /* dogbone.png */ = {isa = PBXFileReference; lastKnownFileType = image.png; path = dogbone.png; sourceTree = "<group>"; };
/* End PBXFileReference section */

/* Begin PBXFrameworksBuildPhase section */
		9EA98E891CA5773E0062B2C7 /* Frameworks */ = {
			isa = PBXFrameworksBuildPhase;
			buildActionMask = 2147483647;
			files = (
				944C6FB81CCA57F9006194B4 /* Foundation.framework in Frameworks */,
				944C6FB61CCA57F2006194B4 /* UIKit.framework in Frameworks */,
				946961121CBD22C0009589FC /* MapKit.framework in Frameworks */,
				946961101CBD2283009589FC /* CloudKit.framework in Frameworks */,
			);
			runOnlyForDeploymentPostprocessing = 0;
		};
/* End PBXFrameworksBuildPhase section */

/* Begin PBXGroup section */
		9437E85B1CAEE18A00F20CA6 /* Products */ = {
			isa = PBXGroup;
			children = (
				9437E8651CAEE18A00F20CA6 /* OAuthSwift.framework */,
				9437E8671CAEE18A00F20CA6 /* OAuthSwiftDemo.app */,
				9437E8691CAEE18A00F20CA6 /* OAuthSwift.framework */,
				9437E86B1CAEE18A00F20CA6 /* OAuthSwiftOSXDemo.app */,
				9437E86D1CAEE18A00F20CA6 /* OAuthSwift.framework */,
				9437E86F1CAEE18A00F20CA6 /* OAuthSwift.framework */,
				9437E8711CAEE18A00F20CA6 /* OAuthSwiftTests.xctest */,
			);
			name = Products;
			sourceTree = "<group>";
		};
		943E62D81CAEE4BA00177CD4 /* Products */ = {
			isa = PBXGroup;
			children = (
				943E62E01CAEE4BA00177CD4 /* Prephirences.framework */,
				943E62E21CAEE4BA00177CD4 /* Prephirences.framework */,
				943E62E41CAEE4BA00177CD4 /* Prephirences.framework */,
				943E62E61CAEE4BA00177CD4 /* Prephirences.framework */,
				943E62E81CAEE4BA00177CD4 /* PrephirencesiOSTests.xctest */,
			);
			name = Products;
			sourceTree = "<group>";
		};
		944C6F9C1CBFC988006194B4 /* images */ = {
			isa = PBXGroup;
			children = (
				947A6FB11CCC2E560053E1BC /* setting.png */,
				946961151CBDEB00009589FC /* iron-chain.jpg */,
				9EA98F1F1CA8C4210062B2C7 /* dogbone.png */,
			);
			name = images;
			sourceTree = "<group>";
		};
		944C6FAE1CCA5711006194B4 /* SCLAlertView */ = {
			isa = PBXGroup;
			children = (
				944C6FAF1CCA5711006194B4 /* Info.plist */,
				944C6FB01CCA5711006194B4 /* SCLAlertView.swift */,
				944C6FB11CCA5711006194B4 /* SCLExtensions.swift */,
			);
			path = SCLAlertView;
			sourceTree = "<group>";
		};
		947A6FC01CCD74FB0053E1BC /* Products */ = {
			isa = PBXGroup;
			children = (
				947A6FC71CCD74FC0053E1BC /* Charts.framework */,
				947A6FC91CCD74FC0053E1BC /* Charts.framework */,
				947A6FCB1CCD74FC0053E1BC /* Charts.framework */,
				947A6FCD1CCD74FC0053E1BC /* ChartsTests.xctest */,
			);
			name = Products;
			sourceTree = "<group>";
		};
		94F6AC8A1CB33E39006FFB8F /* calendar files */ = {
			isa = PBXGroup;
			children = (
				94F6AC7F1CB33E23006FFB8F /* EPCalendarHeaderView.swift */,
				94F6AC801CB33E23006FFB8F /* EPCalendarHeaderView.xib */,
				94F6AC811CB33E23006FFB8F /* EPCalendarPicker.swift */,
				94F6AC821CB33E23006FFB8F /* EPExtensions.swift */,
				94F6AC7E1CB33E23006FFB8F /* EPCalendarConstants.swift */,
				94F6AC7C1CB33E23006FFB8F /* EPCalendarCell1.swift */,
				94F6AC7D1CB33E23006FFB8F /* EPCalendarCell1.xib */,
			);
			name = "calendar files";
			sourceTree = "<group>";
		};
		9EA98E831CA5773E0062B2C7 = {
			isa = PBXGroup;
			children = (
				947A6FBF1CCD74FB0053E1BC /* Charts.xcodeproj */,
				944C6FB71CCA57F9006194B4 /* Foundation.framework */,
				944C6FB51CCA57F2006194B4 /* UIKit.framework */,
				944C6FAE1CCA5711006194B4 /* SCLAlertView */,
				946961111CBD22C0009589FC /* MapKit.framework */,
				9469610F1CBD2283009589FC /* CloudKit.framework */,
				9437E85A1CAEE18A00F20CA6 /* OAuthSwift.xcodeproj */,
				943E62D71CAEE4BA00177CD4 /* Prephirences.xcodeproj */,
				9EA98E8E1CA5773E0062B2C7 /* DoggyAI */,
				9EA98E8D1CA5773E0062B2C7 /* Products */,
			);
			sourceTree = "<group>";
		};
		9EA98E8D1CA5773E0062B2C7 /* Products */ = {
			isa = PBXGroup;
			children = (
				9EA98E8C1CA5773E0062B2C7 /* DoggyAI.app */,
			);
			name = Products;
			sourceTree = "<group>";
		};
		9EA98E8E1CA5773E0062B2C7 /* DoggyAI */ = {
			isa = PBXGroup;
			children = (
				94F6AC8A1CB33E39006FFB8F /* calendar files */,
				944C6F9C1CBFC988006194B4 /* images */,
				9EA98E8F1CA5773E0062B2C7 /* AppDelegate.swift */,
				944C6F9F1CC71A38006194B4 /* RegisterViewController.swift */,
				9EA98E911CA5773E0062B2C7 /* ViewController.swift */,
				94F6AC6E1CB0B338006FFB8F /* DogUserStructure.swift */,
				946961181CBF22D8009589FC /* CloudViewController.swift */,
				9EA98F1B1CA86CD10062B2C7 /* DogTableViewCell.swift */,
				94F6AC601CAF3D3F006FFB8F /* DoggyDetailsViewController.swift */,
				9EA98ED01CA5A3590062B2C7 /* WebViewController.swift */,
				9EA98ECE1CA5A3300062B2C7 /* Services.swift */,
				9EA98EA41CA5A2DB0062B2C7 /* SwiftyJSON.swift */,
				9EA98E991CA5773E0062B2C7 /* Assets.xcassets */,
				9EA98F091CA74D760062B2C7 /* Main.storyboard */,
				94052BF51CD9900700CBFDE0 /* DogChart.swift */,
				9EA98EEC1CA614400062B2C7 /* Services.plist */,
				946961131CBDDF8D009589FC /* Launch Screen.storyboard */,
				9EA98EEE1CA614E40062B2C7 /* InfoPlist.strings */,
				9469610E1CBD2272009589FC /* DoggyAI.entitlements */,
				9EA98E9E1CA5773E0062B2C7 /* Info.plist */,
			);
			path = DoggyAI;
			sourceTree = "<group>";
		};
/* End PBXGroup section */

/* Begin PBXNativeTarget section */
		9EA98E8B1CA5773E0062B2C7 /* DoggyAI */ = {
			isa = PBXNativeTarget;
			buildConfigurationList = 9EA98EA11CA5773E0062B2C7 /* Build configuration list for PBXNativeTarget "DoggyAI" */;
			buildPhases = (
				9EA98E881CA5773E0062B2C7 /* Sources */,
				9EA98E891CA5773E0062B2C7 /* Frameworks */,
				9EA98E8A1CA5773E0062B2C7 /* Resources */,
				9EA98F081CA74D400062B2C7 /* Embed Frameworks */,
			);
			buildRules = (
			);
			dependencies = (
			);
			name = DoggyAI;
			productName = DoggyAI;
			productReference = 9EA98E8C1CA5773E0062B2C7 /* DoggyAI.app */;
			productType = "com.apple.product-type.application";
		};
/* End PBXNativeTarget section */

/* Begin PBXProject section */
		9EA98E841CA5773E0062B2C7 /* Project object */ = {
			isa = PBXProject;
			attributes = {
				LastSwiftUpdateCheck = 0730;
				LastUpgradeCheck = 0730;
				ORGANIZATIONNAME = "D Ryan Lucas";
				TargetAttributes = {
					9EA98E8B1CA5773E0062B2C7 = {
						CreatedOnToolsVersion = 7.3;
						DevelopmentTeam = Q2M9CTRHEY;
						SystemCapabilities = {
							com.apple.Maps.iOS = {
								enabled = 1;
							};
							com.apple.iCloud = {
								enabled = 1;
							};
						};
					};
				};
			};
			buildConfigurationList = 9EA98E871CA5773E0062B2C7 /* Build configuration list for PBXProject "DoggyAI" */;
			compatibilityVersion = "Xcode 3.2";
			developmentRegion = English;
			hasScannedForEncodings = 0;
			knownRegions = (
				en,
				Base,
			);
			mainGroup = 9EA98E831CA5773E0062B2C7;
			productRefGroup = 9EA98E8D1CA5773E0062B2C7 /* Products */;
			projectDirPath = "";
			projectReferences = (
				{
					ProductGroup = 947A6FC01CCD74FB0053E1BC /* Products */;
					ProjectRef = 947A6FBF1CCD74FB0053E1BC /* Charts.xcodeproj */;
				},
				{
					ProductGroup = 9437E85B1CAEE18A00F20CA6 /* Products */;
					ProjectRef = 9437E85A1CAEE18A00F20CA6 /* OAuthSwift.xcodeproj */;
				},
				{
					ProductGroup = 943E62D81CAEE4BA00177CD4 /* Products */;
					ProjectRef = 943E62D71CAEE4BA00177CD4 /* Prephirences.xcodeproj */;
				},
			);
			projectRoot = "";
			targets = (
				9EA98E8B1CA5773E0062B2C7 /* DoggyAI */,
			);
		};
/* End PBXProject section */

/* Begin PBXReferenceProxy section */
		9437E8651CAEE18A00F20CA6 /* OAuthSwift.framework */ = {
			isa = PBXReferenceProxy;
			fileType = wrapper.framework;
			path = OAuthSwift.framework;
			remoteRef = 9437E8641CAEE18A00F20CA6 /* PBXContainerItemProxy */;
			sourceTree = BUILT_PRODUCTS_DIR;
		};
		9437E8671CAEE18A00F20CA6 /* OAuthSwiftDemo.app */ = {
			isa = PBXReferenceProxy;
			fileType = wrapper.application;
			path = OAuthSwiftDemo.app;
			remoteRef = 9437E8661CAEE18A00F20CA6 /* PBXContainerItemProxy */;
			sourceTree = BUILT_PRODUCTS_DIR;
		};
		9437E8691CAEE18A00F20CA6 /* OAuthSwift.framework */ = {
			isa = PBXReferenceProxy;
			fileType = wrapper.framework;
			path = OAuthSwift.framework;
			remoteRef = 9437E8681CAEE18A00F20CA6 /* PBXContainerItemProxy */;
			sourceTree = BUILT_PRODUCTS_DIR;
		};
		9437E86B1CAEE18A00F20CA6 /* OAuthSwiftOSXDemo.app */ = {
			isa = PBXReferenceProxy;
			fileType = wrapper.application;
			path = OAuthSwiftOSXDemo.app;
			remoteRef = 9437E86A1CAEE18A00F20CA6 /* PBXContainerItemProxy */;
			sourceTree = BUILT_PRODUCTS_DIR;
		};
		9437E86D1CAEE18A00F20CA6 /* OAuthSwift.framework */ = {
			isa = PBXReferenceProxy;
			fileType = wrapper.framework;
			path = OAuthSwift.framework;
			remoteRef = 9437E86C1CAEE18A00F20CA6 /* PBXContainerItemProxy */;
			sourceTree = BUILT_PRODUCTS_DIR;
		};
		9437E86F1CAEE18A00F20CA6 /* OAuthSwift.framework */ = {
			isa = PBXReferenceProxy;
			fileType = wrapper.framework;
			path = OAuthSwift.framework;
			remoteRef = 9437E86E1CAEE18A00F20CA6 /* PBXContainerItemProxy */;
			sourceTree = BUILT_PRODUCTS_DIR;
		};
		9437E8711CAEE18A00F20CA6 /* OAuthSwiftTests.xctest */ = {
			isa = PBXReferenceProxy;
			fileType = wrapper.cfbundle;
			path = OAuthSwiftTests.xctest;
			remoteRef = 9437E8701CAEE18A00F20CA6 /* PBXContainerItemProxy */;
			sourceTree = BUILT_PRODUCTS_DIR;
		};
		943E62E01CAEE4BA00177CD4 /* Prephirences.framework */ = {
			isa = PBXReferenceProxy;
			fileType = wrapper.framework;
			path = Prephirences.framework;
			remoteRef = 943E62DF1CAEE4BA00177CD4 /* PBXContainerItemProxy */;
			sourceTree = BUILT_PRODUCTS_DIR;
		};
		943E62E21CAEE4BA00177CD4 /* Prephirences.framework */ = {
			isa = PBXReferenceProxy;
			fileType = wrapper.framework;
			path = Prephirences.framework;
			remoteRef = 943E62E11CAEE4BA00177CD4 /* PBXContainerItemProxy */;
			sourceTree = BUILT_PRODUCTS_DIR;
		};
		943E62E41CAEE4BA00177CD4 /* Prephirences.framework */ = {
			isa = PBXReferenceProxy;
			fileType = wrapper.framework;
			path = Prephirences.framework;
			remoteRef = 943E62E31CAEE4BA00177CD4 /* PBXContainerItemProxy */;
			sourceTree = BUILT_PRODUCTS_DIR;
		};
		943E62E61CAEE4BA00177CD4 /* Prephirences.framework */ = {
			isa = PBXReferenceProxy;
			fileType = wrapper.framework;
			path = Prephirences.framework;
			remoteRef = 943E62E51CAEE4BA00177CD4 /* PBXContainerItemProxy */;
			sourceTree = BUILT_PRODUCTS_DIR;
		};
		943E62E81CAEE4BA00177CD4 /* PrephirencesiOSTests.xctest */ = {
			isa = PBXReferenceProxy;
			fileType = wrapper.cfbundle;
			path = PrephirencesiOSTests.xctest;
			remoteRef = 943E62E71CAEE4BA00177CD4 /* PBXContainerItemProxy */;
			sourceTree = BUILT_PRODUCTS_DIR;
		};
		947A6FC71CCD74FC0053E1BC /* Charts.framework */ = {
			isa = PBXReferenceProxy;
			fileType = wrapper.framework;
			path = Charts.framework;
			remoteRef = 947A6FC61CCD74FC0053E1BC /* PBXContainerItemProxy */;
			sourceTree = BUILT_PRODUCTS_DIR;
		};
		947A6FC91CCD74FC0053E1BC /* Charts.framework */ = {
			isa = PBXReferenceProxy;
			fileType = wrapper.framework;
			path = Charts.framework;
			remoteRef = 947A6FC81CCD74FC0053E1BC /* PBXContainerItemProxy */;
			sourceTree = BUILT_PRODUCTS_DIR;
		};
		947A6FCB1CCD74FC0053E1BC /* Charts.framework */ = {
			isa = PBXReferenceProxy;
			fileType = wrapper.framework;
			path = Charts.framework;
			remoteRef = 947A6FCA1CCD74FC0053E1BC /* PBXContainerItemProxy */;
			sourceTree = BUILT_PRODUCTS_DIR;
		};
		947A6FCD1CCD74FC0053E1BC /* ChartsTests.xctest */ = {
			isa = PBXReferenceProxy;
			fileType = wrapper.cfbundle;
			path = ChartsTests.xctest;
			remoteRef = 947A6FCC1CCD74FC0053E1BC /* PBXContainerItemProxy */;
			sourceTree = BUILT_PRODUCTS_DIR;
		};
/* End PBXReferenceProxy section */

/* Begin PBXResourcesBuildPhase section */
		9EA98E8A1CA5773E0062B2C7 /* Resources */ = {
			isa = PBXResourcesBuildPhase;
			buildActionMask = 2147483647;
			files = (
				9EA98EED1CA614400062B2C7 /* Services.plist in Resources */,
				946961171CBDEB00009589FC /* iron-chain.jpg in Resources */,
				9EA98F0A1CA74D760062B2C7 /* Main.storyboard in Resources */,
				9EA98E9A1CA5773E0062B2C7 /* Assets.xcassets in Resources */,
				946961141CBDDF8D009589FC /* Launch Screen.storyboard in Resources */,
				94F6AC871CB33E23006FFB8F /* EPCalendarHeaderView.xib in Resources */,
				94F6AC841CB33E23006FFB8F /* EPCalendarCell1.xib in Resources */,
				94F6AC771CB2D5C6006FFB8F /* EPCalendarPicker in Resources */,
				947A6FB21CCC2E560053E1BC /* setting.png in Resources */,
				944C6FB21CCA5711006194B4 /* Info.plist in Resources */,
				9EA98F201CA8C4210062B2C7 /* dogbone.png in Resources */,
				9EA98EEF1CA614E40062B2C7 /* InfoPlist.strings in Resources */,
			);
			runOnlyForDeploymentPostprocessing = 0;
		};
/* End PBXResourcesBuildPhase section */

/* Begin PBXSourcesBuildPhase section */
		9EA98E881CA5773E0062B2C7 /* Sources */ = {
			isa = PBXSourcesBuildPhase;
			buildActionMask = 2147483647;
			files = (
				94F6AC861CB33E23006FFB8F /* EPCalendarHeaderView.swift in Sources */,
				94F6AC6F1CB0B338006FFB8F /* DogUserStructure.swift in Sources */,
				944C6FB31CCA5711006194B4 /* SCLAlertView.swift in Sources */,
				9EA98ECF1CA5A3300062B2C7 /* Services.swift in Sources */,
				94F6AC851CB33E23006FFB8F /* EPCalendarConstants.swift in Sources */,
				9EA98E921CA5773E0062B2C7 /* ViewController.swift in Sources */,
				94F6AC891CB33E23006FFB8F /* EPExtensions.swift in Sources */,
				944C6FA01CC71A38006194B4 /* RegisterViewController.swift in Sources */,
				94F6AC831CB33E23006FFB8F /* EPCalendarCell1.swift in Sources */,
				944C6FB41CCA5711006194B4 /* SCLExtensions.swift in Sources */,
				94F6AC611CAF3D3F006FFB8F /* DoggyDetailsViewController.swift in Sources */,
				946961191CBF22D8009589FC /* CloudViewController.swift in Sources */,
				9EA98F1C1CA86CD10062B2C7 /* DogTableViewCell.swift in Sources */,
				94F6AC881CB33E23006FFB8F /* EPCalendarPicker.swift in Sources */,
				9EA98ED11CA5A3590062B2C7 /* WebViewController.swift in Sources */,
				9EA98E901CA5773E0062B2C7 /* AppDelegate.swift in Sources */,
				9EA98EA51CA5A2DB0062B2C7 /* SwiftyJSON.swift in Sources */,
				94052BF61CD9900700CBFDE0 /* DogChart.swift in Sources */,
			);
			runOnlyForDeploymentPostprocessing = 0;
		};
/* End PBXSourcesBuildPhase section */

/* Begin PBXVariantGroup section */
		946961151CBDEB00009589FC /* iron-chain.jpg */ = {
			isa = PBXVariantGroup;
			children = (
				946961161CBDEB00009589FC /* Base */,
			);
			name = "iron-chain.jpg";
			sourceTree = "<group>";
		};
/* End PBXVariantGroup section */

/* Begin XCBuildConfiguration section */
		9EA98E9F1CA5773E0062B2C7 /* Debug */ = {
			isa = XCBuildConfiguration;
			buildSettings = {
				ALWAYS_SEARCH_USER_PATHS = NO;
				CLANG_ANALYZER_NONNULL = YES;
				CLANG_CXX_LANGUAGE_STANDARD = "gnu++0x";
				CLANG_CXX_LIBRARY = "libc++";
				CLANG_ENABLE_MODULES = YES;
				CLANG_ENABLE_OBJC_ARC = YES;
				CLANG_WARN_BOOL_CONVERSION = YES;
				CLANG_WARN_CONSTANT_CONVERSION = YES;
				CLANG_WARN_DIRECT_OBJC_ISA_USAGE = YES_ERROR;
				CLANG_WARN_EMPTY_BODY = YES;
				CLANG_WARN_ENUM_CONVERSION = YES;
				CLANG_WARN_INT_CONVERSION = YES;
				CLANG_WARN_OBJC_ROOT_CLASS = YES_ERROR;
				CLANG_WARN_UNREACHABLE_CODE = YES;
				CLANG_WARN__DUPLICATE_METHOD_MATCH = YES;
				"CODE_SIGN_IDENTITY[sdk=iphoneos*]" = "iPhone Developer";
				COPY_PHASE_STRIP = NO;
				DEBUG_INFORMATION_FORMAT = dwarf;
				ENABLE_STRICT_OBJC_MSGSEND = YES;
				ENABLE_TESTABILITY = YES;
				GCC_C_LANGUAGE_STANDARD = gnu99;
				GCC_DYNAMIC_NO_PIC = NO;
				GCC_NO_COMMON_BLOCKS = YES;
				GCC_OPTIMIZATION_LEVEL = 0;
				GCC_PREPROCESSOR_DEFINITIONS = (
					"DEBUG=1",
					"$(inherited)",
				);
				GCC_WARN_64_TO_32_BIT_CONVERSION = YES;
				GCC_WARN_ABOUT_RETURN_TYPE = YES_ERROR;
				GCC_WARN_UNDECLARED_SELECTOR = YES;
				GCC_WARN_UNINITIALIZED_AUTOS = YES_AGGRESSIVE;
				GCC_WARN_UNUSED_FUNCTION = YES;
				GCC_WARN_UNUSED_VARIABLE = YES;
				IPHONEOS_DEPLOYMENT_TARGET = 9.3;
				MTL_ENABLE_DEBUG_INFO = YES;
				ONLY_ACTIVE_ARCH = YES;
				SDKROOT = iphoneos;
				SWIFT_OPTIMIZATION_LEVEL = "-Onone";
				TARGETED_DEVICE_FAMILY = "1,2";
			};
			name = Debug;
		};
		9EA98EA01CA5773E0062B2C7 /* Release */ = {
			isa = XCBuildConfiguration;
			buildSettings = {
				ALWAYS_SEARCH_USER_PATHS = NO;
				CLANG_ANALYZER_NONNULL = YES;
				CLANG_CXX_LANGUAGE_STANDARD = "gnu++0x";
				CLANG_CXX_LIBRARY = "libc++";
				CLANG_ENABLE_MODULES = YES;
				CLANG_ENABLE_OBJC_ARC = YES;
				CLANG_WARN_BOOL_CONVERSION = YES;
				CLANG_WARN_CONSTANT_CONVERSION = YES;
				CLANG_WARN_DIRECT_OBJC_ISA_USAGE = YES_ERROR;
				CLANG_WARN_EMPTY_BODY = YES;
				CLANG_WARN_ENUM_CONVERSION = YES;
				CLANG_WARN_INT_CONVERSION = YES;
				CLANG_WARN_OBJC_ROOT_CLASS = YES_ERROR;
				CLANG_WARN_UNREACHABLE_CODE = YES;
				CLANG_WARN__DUPLICATE_METHOD_MATCH = YES;
				"CODE_SIGN_IDENTITY[sdk=iphoneos*]" = "iPhone Developer";
				COPY_PHASE_STRIP = NO;
				DEBUG_INFORMATION_FORMAT = "dwarf-with-dsym";
				ENABLE_NS_ASSERTIONS = NO;
				ENABLE_STRICT_OBJC_MSGSEND = YES;
				GCC_C_LANGUAGE_STANDARD = gnu99;
				GCC_NO_COMMON_BLOCKS = YES;
				GCC_WARN_64_TO_32_BIT_CONVERSION = YES;
				GCC_WARN_ABOUT_RETURN_TYPE = YES_ERROR;
				GCC_WARN_UNDECLARED_SELECTOR = YES;
				GCC_WARN_UNINITIALIZED_AUTOS = YES_AGGRESSIVE;
				GCC_WARN_UNUSED_FUNCTION = YES;
				GCC_WARN_UNUSED_VARIABLE = YES;
				IPHONEOS_DEPLOYMENT_TARGET = 9.3;
				MTL_ENABLE_DEBUG_INFO = NO;
				SDKROOT = iphoneos;
				TARGETED_DEVICE_FAMILY = "1,2";
				VALIDATE_PRODUCT = YES;
			};
			name = Release;
		};
		9EA98EA21CA5773E0062B2C7 /* Debug */ = {
			isa = XCBuildConfiguration;
			buildSettings = {
				ASSETCATALOG_COMPILER_APPICON_NAME = AppIcon;
				CODE_SIGN_ENTITLEMENTS = DoggyAI/DoggyAI.entitlements;
				CODE_SIGN_IDENTITY = "iPhone Developer";
				"CODE_SIGN_IDENTITY[sdk=iphoneos*]" = "iPhone Developer";
				EMBEDDED_CONTENT_CONTAINS_SWIFT = YES;
				INFOPLIST_FILE = DoggyAI/Info.plist;
				LD_RUNPATH_SEARCH_PATHS = "$(inherited) @executable_path/Frameworks";
				PRODUCT_BUNDLE_IDENTIFIER = ca.aussies.DoggyAI;
				PRODUCT_NAME = "$(TARGET_NAME)";
				PROVISIONING_PROFILE = "";
			};
			name = Debug;
		};
		9EA98EA31CA5773E0062B2C7 /* Release */ = {
			isa = XCBuildConfiguration;
			buildSettings = {
				ASSETCATALOG_COMPILER_APPICON_NAME = AppIcon;
				CODE_SIGN_ENTITLEMENTS = DoggyAI/DoggyAI.entitlements;
				CODE_SIGN_IDENTITY = "iPhone Developer";
				"CODE_SIGN_IDENTITY[sdk=iphoneos*]" = "iPhone Developer";
				EMBEDDED_CONTENT_CONTAINS_SWIFT = YES;
				INFOPLIST_FILE = DoggyAI/Info.plist;
				LD_RUNPATH_SEARCH_PATHS = "$(inherited) @executable_path/Frameworks";
				PRODUCT_BUNDLE_IDENTIFIER = ca.aussies.DoggyAI;
				PRODUCT_NAME = "$(TARGET_NAME)";
				PROVISIONING_PROFILE = "";
			};
			name = Release;
		};
/* End XCBuildConfiguration section */

/* Begin XCConfigurationList section */
		9EA98E871CA5773E0062B2C7 /* Build configuration list for PBXProject "DoggyAI" */ = {
			isa = XCConfigurationList;
			buildConfigurations = (
				9EA98E9F1CA5773E0062B2C7 /* Debug */,
				9EA98EA01CA5773E0062B2C7 /* Release */,
			);
			defaultConfigurationIsVisible = 0;
			defaultConfigurationName = Release;
		};
		9EA98EA11CA5773E0062B2C7 /* Build configuration list for PBXNativeTarget "DoggyAI" */ = {
			isa = XCConfigurationList;
			buildConfigurations = (
				9EA98EA21CA5773E0062B2C7 /* Debug */,
				9EA98EA31CA5773E0062B2C7 /* Release */,
			);
			defaultConfigurationIsVisible = 0;
			defaultConfigurationName = Release;
		};
/* End XCConfigurationList section */
	};
	rootObject = 9EA98E841CA5773E0062B2C7 /* Project object */;
}
